
Microsoft Visual Studio Solution File, Format Version 12.00
# Visual Studio Version 17
VisualStudioVersion = 17.0.31903.59
MinimumVisualStudioVersion = 10.0.40219.1
Project("{9A19103F-16F7-4668-BE54-9A1E7A4F7556}") = "WebApi", "WebApi\WebApi.csproj", "{C20C7199-B23C-4BA0-B99C-EBEB53F9146F}"
EndProject
Project("{9A19103F-16F7-4668-BE54-9A1E7A4F7556}") = "Entities", "Entities\Entities.csproj", "{007A80ED-1A93-4E60-8A9A-817687654C97}"
EndProject
Project("{9A19103F-16F7-4668-BE54-9A1E7A4F7556}") = "Repositories", "Repositories\Repositories.csproj", "{0214D2E3-9953-43CF-B340-8C0AE2446276}"
EndProject
Project("{9A19103F-16F7-4668-BE54-9A1E7A4F7556}") = "Services", "Services\Services.csproj", "{8F865190-EC22-45FF-A853-B0F5EFE10073}"
EndProject
Project("{FAE04EC0-301F-11D3-BF4B-00C04F79EFBC}") = "Presentation", "Presentation\Presentation.csproj", "{CA098B52-54AE-4D45-B36F-6274D9DD0556}"
EndProject
Global
	GlobalSection(SolutionConfigurationPlatforms) = preSolution
		Debug|Any CPU = Debug|Any CPU
		Release|Any CPU = Release|Any CPU
	EndGlobalSection
	GlobalSection(ProjectConfigurationPlatforms) = postSolution
		{C20C7199-B23C-4BA0-B99C-EBEB53F9146F}.Debug|Any CPU.ActiveCfg = Debug|Any CPU
		{C20C7199-B23C-4BA0-B99C-EBEB53F9146F}.Debug|Any CPU.Build.0 = Debug|Any CPU
		{C20C7199-B23C-4BA0-B99C-EBEB53F9146F}.Release|Any CPU.ActiveCfg = Release|Any CPU
		{C20C7199-B23C-4BA0-B99C-EBEB53F9146F}.Release|Any CPU.Build.0 = Release|Any CPU
		{007A80ED-1A93-4E60-8A9A-817687654C97}.Debug|Any CPU.ActiveCfg = Debug|Any CPU
		{007A80ED-1A93-4E60-8A9A-817687654C97}.Debug|Any CPU.Build.0 = Debug|Any CPU
		{007A80ED-1A93-4E60-8A9A-817687654C97}.Release|Any CPU.ActiveCfg = Release|Any CPU
		{007A80ED-1A93-4E60-8A9A-817687654C97}.Release|Any CPU.Build.0 = Release|Any CPU
		{0214D2E3-9953-43CF-B340-8C0AE2446276}.Debug|Any CPU.ActiveCfg = Debug|Any CPU
		{0214D2E3-9953-43CF-B340-8C0AE2446276}.Debug|Any CPU.Build.0 = Debug|Any CPU
		{0214D2E3-9953-43CF-B340-8C0AE2446276}.Release|Any CPU.ActiveCfg = Release|Any CPU
		{0214D2E3-9953-43CF-B340-8C0AE2446276}.Release|Any CPU.Build.0 = Release|Any CPU
		{8F865190-EC22-45FF-A853-B0F5EFE10073}.Debug|Any CPU.ActiveCfg = Debug|Any CPU
		{8F865190-EC22-45FF-A853-B0F5EFE10073}.Debug|Any CPU.Build.0 = Debug|Any CPU
		{8F865190-EC22-45FF-A853-B0F5EFE10073}.Release|Any CPU.ActiveCfg = Release|Any CPU
		{8F865190-EC22-45FF-A853-B0F5EFE10073}.Release|Any CPU.Build.0 = Release|Any CPU
		{CA098B52-54AE-4D45-B36F-6274D9DD0556}.Debug|Any CPU.ActiveCfg = Debug|Any CPU
		{CA098B52-54AE-4D45-B36F-6274D9DD0556}.Debug|Any CPU.Build.0 = Debug|Any CPU
		{CA098B52-54AE-4D45-B36F-6274D9DD0556}.Release|Any CPU.ActiveCfg = Release|Any CPU
		{CA098B52-54AE-4D45-B36F-6274D9DD0556}.Release|Any CPU.Build.0 = Release|Any CPU
	EndGlobalSection
	GlobalSection(SolutionProperties) = preSolution
		HideSolutionNode = FALSE
	EndGlobalSection
	GlobalSection(ExtensibilityGlobals) = postSolution
		SolutionGuid = {0105158F-89AC-44D7-822B-F43D1CFB91DD}
	EndGlobalSection
EndGlobal
